
Microsoft Visual Studio Solution File, Format Version 11.00
# Visual Studio 2010
Project("{FAE04EC0-301F-11D3-BF4B-00C04F79EFBC}") = "Data.Linq", "Remotion\Data\Linq\Data.Linq.csproj", "{DD9AA076-BE37-4A42-BA9E-C35ECC6955C9}"
EndProject
Project("{FAE04EC0-301F-11D3-BF4B-00C04F79EFBC}") = "Data.Linq.UnitTests", "Remotion\Data\Linq.UnitTests\Data.Linq.UnitTests.csproj", "{1D56FFB7-8118-463A-81EA-37A8668BCD31}"
EndProject
Project("{FAE04EC0-301F-11D3-BF4B-00C04F79EFBC}") = "Data.Linq.SqlBackend", "Remotion\Data\Linq.SqlBackend\Data.Linq.SqlBackend.csproj", "{F23F3422-D323-42CD-83D9-C0DEB2D3DC28}"
EndProject
Project("{FAE04EC0-301F-11D3-BF4B-00C04F79EFBC}") = "Data.Linq.IntegrationTests.CSharp", "Remotion\Data\Linq.IntegrationTests.CSharp\Data.Linq.IntegrationTests.CSharp.csproj", "{8A053015-CD1A-45D7-BCF4-95ADD9E6DDBC}"
EndProject
Project("{F184B08F-C81C-45F6-A57F-5ABD9991F28F}") = "Data.Linq.IntegrationTests.VisualBasic", "Remotion\Data\Linq.IntegrationTests.VisualBasic\Data.Linq.IntegrationTests.VisualBasic.vbproj", "{9A0EDD9F-DA8E-48EA-8D91-D194E97CFD67}"
EndProject
Project("{FAE04EC0-301F-11D3-BF4B-00C04F79EFBC}") = "Data.Linq.LinqToSqlAdapter", "Remotion\Data\Linq.LinqToSqlAdapter\Data.Linq.LinqToSqlAdapter.csproj", "{EDBD197D-2A1C-4EA7-BC7E-C09562E307A4}"
EndProject
Project("{FAE04EC0-301F-11D3-BF4B-00C04F79EFBC}") = "Data.Linq.IntegrationTests.Common", "Remotion\Data\Linq.IntegrationTests.Common\Data.Linq.IntegrationTests.Common.csproj", "{DA8EFB63-353E-4E1A-9298-28B0C9302A2E}"
EndProject
Global
	GlobalSection(SolutionConfigurationPlatforms) = preSolution
		Debug|Any CPU = Debug|Any CPU
		Debug|x86 = Debug|x86
		Release|Any CPU = Release|Any CPU
		Release|x86 = Release|x86
	EndGlobalSection
	GlobalSection(ProjectConfigurationPlatforms) = postSolution
		{DD9AA076-BE37-4A42-BA9E-C35ECC6955C9}.Debug|Any CPU.ActiveCfg = Debug|Any CPU
		{DD9AA076-BE37-4A42-BA9E-C35ECC6955C9}.Debug|Any CPU.Build.0 = Debug|Any CPU
		{DD9AA076-BE37-4A42-BA9E-C35ECC6955C9}.Debug|x86.ActiveCfg = Debug|Any CPU
		{DD9AA076-BE37-4A42-BA9E-C35ECC6955C9}.Debug|x86.Build.0 = Debug|Any CPU
		{DD9AA076-BE37-4A42-BA9E-C35ECC6955C9}.Release|Any CPU.ActiveCfg = Release|Any CPU
		{DD9AA076-BE37-4A42-BA9E-C35ECC6955C9}.Release|Any CPU.Build.0 = Release|Any CPU
		{DD9AA076-BE37-4A42-BA9E-C35ECC6955C9}.Release|x86.ActiveCfg = Release|Any CPU
		{1D56FFB7-8118-463A-81EA-37A8668BCD31}.Debug|Any CPU.ActiveCfg = Debug|Any CPU
		{1D56FFB7-8118-463A-81EA-37A8668BCD31}.Debug|Any CPU.Build.0 = Debug|Any CPU
		{1D56FFB7-8118-463A-81EA-37A8668BCD31}.Debug|x86.ActiveCfg = Debug|Any CPU
		{1D56FFB7-8118-463A-81EA-37A8668BCD31}.Debug|x86.Build.0 = Debug|Any CPU
		{1D56FFB7-8118-463A-81EA-37A8668BCD31}.Release|Any CPU.ActiveCfg = Release|Any CPU
		{1D56FFB7-8118-463A-81EA-37A8668BCD31}.Release|Any CPU.Build.0 = Release|Any CPU
		{1D56FFB7-8118-463A-81EA-37A8668BCD31}.Release|x86.ActiveCfg = Release|Any CPU
		{F23F3422-D323-42CD-83D9-C0DEB2D3DC28}.Debug|Any CPU.ActiveCfg = Debug|Any CPU
		{F23F3422-D323-42CD-83D9-C0DEB2D3DC28}.Debug|Any CPU.Build.0 = Debug|Any CPU
		{F23F3422-D323-42CD-83D9-C0DEB2D3DC28}.Debug|x86.ActiveCfg = Debug|Any CPU
		{F23F3422-D323-42CD-83D9-C0DEB2D3DC28}.Debug|x86.Build.0 = Debug|Any CPU
		{F23F3422-D323-42CD-83D9-C0DEB2D3DC28}.Release|Any CPU.ActiveCfg = Release|Any CPU
		{F23F3422-D323-42CD-83D9-C0DEB2D3DC28}.Release|Any CPU.Build.0 = Release|Any CPU
		{F23F3422-D323-42CD-83D9-C0DEB2D3DC28}.Release|x86.ActiveCfg = Release|Any CPU
		{8A053015-CD1A-45D7-BCF4-95ADD9E6DDBC}.Debug|Any CPU.ActiveCfg = Debug|Any CPU
		{8A053015-CD1A-45D7-BCF4-95ADD9E6DDBC}.Debug|Any CPU.Build.0 = Debug|Any CPU
		{8A053015-CD1A-45D7-BCF4-95ADD9E6DDBC}.Debug|x86.ActiveCfg = Debug|Any CPU
		{8A053015-CD1A-45D7-BCF4-95ADD9E6DDBC}.Debug|x86.Build.0 = Debug|Any CPU
		{8A053015-CD1A-45D7-BCF4-95ADD9E6DDBC}.Release|Any CPU.ActiveCfg = Release|Any CPU
		{8A053015-CD1A-45D7-BCF4-95ADD9E6DDBC}.Release|Any CPU.Build.0 = Release|Any CPU
		{8A053015-CD1A-45D7-BCF4-95ADD9E6DDBC}.Release|x86.ActiveCfg = Release|Any CPU
		{9A0EDD9F-DA8E-48EA-8D91-D194E97CFD67}.Debug|Any CPU.ActiveCfg = Debug|Any CPU
		{9A0EDD9F-DA8E-48EA-8D91-D194E97CFD67}.Debug|Any CPU.Build.0 = Debug|Any CPU
		{9A0EDD9F-DA8E-48EA-8D91-D194E97CFD67}.Debug|x86.ActiveCfg = Debug|Any CPU
		{9A0EDD9F-DA8E-48EA-8D91-D194E97CFD67}.Debug|x86.Build.0 = Debug|Any CPU
		{9A0EDD9F-DA8E-48EA-8D91-D194E97CFD67}.Release|Any CPU.ActiveCfg = Release|Any CPU
		{9A0EDD9F-DA8E-48EA-8D91-D194E97CFD67}.Release|Any CPU.Build.0 = Release|Any CPU
		{9A0EDD9F-DA8E-48EA-8D91-D194E97CFD67}.Release|x86.ActiveCfg = Release|Any CPU
		{EDBD197D-2A1C-4EA7-BC7E-C09562E307A4}.Debug|Any CPU.ActiveCfg = Debug|Any CPU
		{EDBD197D-2A1C-4EA7-BC7E-C09562E307A4}.Debug|Any CPU.Build.0 = Debug|Any CPU
		{EDBD197D-2A1C-4EA7-BC7E-C09562E307A4}.Debug|x86.ActiveCfg = Debug|x86
		{EDBD197D-2A1C-4EA7-BC7E-C09562E307A4}.Debug|x86.Build.0 = Debug|x86
		{EDBD197D-2A1C-4EA7-BC7E-C09562E307A4}.Release|Any CPU.ActiveCfg = Release|Any CPU
		{EDBD197D-2A1C-4EA7-BC7E-C09562E307A4}.Release|Any CPU.Build.0 = Release|Any CPU
		{EDBD197D-2A1C-4EA7-BC7E-C09562E307A4}.Release|x86.ActiveCfg = Release|x86
		{EDBD197D-2A1C-4EA7-BC7E-C09562E307A4}.Release|x86.Build.0 = Release|x86
		{DA8EFB63-353E-4E1A-9298-28B0C9302A2E}.Debug|Any CPU.ActiveCfg = Debug|Any CPU
		{DA8EFB63-353E-4E1A-9298-28B0C9302A2E}.Debug|Any CPU.Build.0 = Debug|Any CPU
		{DA8EFB63-353E-4E1A-9298-28B0C9302A2E}.Debug|x86.ActiveCfg = Debug|Any CPU
		{DA8EFB63-353E-4E1A-9298-28B0C9302A2E}.Debug|x86.Build.0 = Debug|Any CPU
		{DA8EFB63-353E-4E1A-9298-28B0C9302A2E}.Release|Any CPU.ActiveCfg = Release|Any CPU
		{DA8EFB63-353E-4E1A-9298-28B0C9302A2E}.Release|Any CPU.Build.0 = Release|Any CPU
		{DA8EFB63-353E-4E1A-9298-28B0C9302A2E}.Release|x86.ActiveCfg = Release|Any CPU
	EndGlobalSection
	GlobalSection(SolutionProperties) = preSolution
		HideSolutionNode = FALSE
	EndGlobalSection
EndGlobal
