
Microsoft Visual Studio Solution File, Format Version 10.00
# Visual Studio 2008
Project("{FAE04EC0-301F-11D3-BF4B-00C04F79EFBC}") = "Data.Linq", "Remotion\Data\Linq\Data.Linq.csproj", "{DD9AA076-BE37-4A42-BA9E-C35ECC6955C9}"
EndProject
Project("{FAE04EC0-301F-11D3-BF4B-00C04F79EFBC}") = "Data.Linq.UnitTests", "Remotion\Data\Linq.UnitTests\Data.Linq.UnitTests.csproj", "{1D56FFB7-8118-463A-81EA-37A8668BCD31}"
EndProject
Project("{FAE04EC0-301F-11D3-BF4B-00C04F79EFBC}") = "Data.Linq.SqlBackend", "Remotion\Data\Linq\SqlBackend2\Data.Linq.SqlBackend.csproj", "{F23F3422-D323-42CD-83D9-C0DEB2D3DC28}"
EndProject
Global
	GlobalSection(SolutionConfigurationPlatforms) = preSolution
		Debug|Any CPU = Debug|Any CPU
		Release|Any CPU = Release|Any CPU
	EndGlobalSection
	GlobalSection(ProjectConfigurationPlatforms) = postSolution
		{DD9AA076-BE37-4A42-BA9E-C35ECC6955C9}.Debug|Any CPU.ActiveCfg = Debug|Any CPU
		{DD9AA076-BE37-4A42-BA9E-C35ECC6955C9}.Debug|Any CPU.Build.0 = Debug|Any CPU
		{DD9AA076-BE37-4A42-BA9E-C35ECC6955C9}.Release|Any CPU.ActiveCfg = Release|Any CPU
		{DD9AA076-BE37-4A42-BA9E-C35ECC6955C9}.Release|Any CPU.Build.0 = Release|Any CPU
		{1D56FFB7-8118-463A-81EA-37A8668BCD31}.Debug|Any CPU.ActiveCfg = Debug|Any CPU
		{1D56FFB7-8118-463A-81EA-37A8668BCD31}.Debug|Any CPU.Build.0 = Debug|Any CPU
		{1D56FFB7-8118-463A-81EA-37A8668BCD31}.Release|Any CPU.ActiveCfg = Release|Any CPU
		{1D56FFB7-8118-463A-81EA-37A8668BCD31}.Release|Any CPU.Build.0 = Release|Any CPU
		{F23F3422-D323-42CD-83D9-C0DEB2D3DC28}.Debug|Any CPU.ActiveCfg = Debug|Any CPU
		{F23F3422-D323-42CD-83D9-C0DEB2D3DC28}.Debug|Any CPU.Build.0 = Debug|Any CPU
		{F23F3422-D323-42CD-83D9-C0DEB2D3DC28}.Release|Any CPU.ActiveCfg = Release|Any CPU
		{F23F3422-D323-42CD-83D9-C0DEB2D3DC28}.Release|Any CPU.Build.0 = Release|Any CPU
	EndGlobalSection
	GlobalSection(SolutionProperties) = preSolution
		HideSolutionNode = FALSE
	EndGlobalSection
EndGlobal
