
Microsoft Visual Studio Solution File, Format Version 9.00
# Visual Studio 2005
Project("{FAE04EC0-301F-11D3-BF4B-00C04F79EFBC}") = "WxeFunctionGenerator", "WxeFunctionGenerator\WxeFunctionGenerator.csproj", "{6693589F-085C-4CB7-A28A-426F19C19E6B}"
	ProjectSection(WebsiteProperties) = preProject
		Debug.AspNetCompiler.Debug = "True"
		Release.AspNetCompiler.Debug = "False"
	EndProjectSection
EndProject
Project("{2150E333-8FDC-42A3-9474-1A3956D46DE8}") = "prereq", "prereq", "{8826A986-D354-47CE-8B13-44F2DC87BC63}"
	ProjectSection(WebsiteProperties) = preProject
		Debug.AspNetCompiler.Debug = "True"
		Release.AspNetCompiler.Debug = "False"
	EndProjectSection
	ProjectSection(SolutionItems) = preProject
		prereq\getremotion.cmd = prereq\getremotion.cmd
	EndProjectSection
EndProject
Project("{FAE04EC0-301F-11D3-BF4B-00C04F79EFBC}") = "Test", "Test\Test.csproj", "{2ADC369A-4CE5-4378-B72E-4FBEDD8FA724}"
	ProjectSection(WebsiteProperties) = preProject
		Debug.AspNetCompiler.Debug = "True"
		Release.AspNetCompiler.Debug = "False"
	EndProjectSection
	ProjectSection(ProjectDependencies) = postProject
		{6693589F-085C-4CB7-A28A-426F19C19E6B} = {6693589F-085C-4CB7-A28A-426F19C19E6B}
	EndProjectSection
EndProject
Project("{FAE04EC0-301F-11D3-BF4B-00C04F79EFBC}") = "Core.Core", "..\..\..\Core\Core\Core.Core.csproj", "{2AA369EC-A4E7-4D75-9101-EFA90E902625}"
	ProjectSection(WebsiteProperties) = preProject
		Debug.AspNetCompiler.Debug = "True"
		Release.AspNetCompiler.Debug = "False"
	EndProjectSection
EndProject
Project("{2150E333-8FDC-42A3-9474-1A3956D46DE8}") = "Assemblies", "Assemblies", "{67B20FED-11C1-4851-86E5-AD692F11BC6E}"
	ProjectSection(WebsiteProperties) = preProject
		Debug.AspNetCompiler.Debug = "True"
		Release.AspNetCompiler.Debug = "False"
	EndProjectSection
	ProjectSection(SolutionItems) = preProject
		..\..\..\prereq\Assemblies\log4net.dll = ..\..\..\prereq\Assemblies\log4net.dll
		..\..\..\prereq\Assemblies\log4net.xml = ..\..\..\prereq\Assemblies\log4net.xml
		..\..\..\prereq\Assemblies\nunit.framework.dll = ..\..\..\prereq\Assemblies\nunit.framework.dll
		..\..\..\prereq\Assemblies\nunit.framework.xml = ..\..\..\prereq\Assemblies\nunit.framework.xml
		..\..\..\prereq\Assemblies\Rhino.Mocks.dll = ..\..\..\prereq\Assemblies\Rhino.Mocks.dll
		..\..\..\prereq\Assemblies\Rhino.Mocks.xml = ..\..\..\prereq\Assemblies\Rhino.Mocks.xml
	EndProjectSection
EndProject
Project("{2150E333-8FDC-42A3-9474-1A3956D46DE8}") = "Solution Items", "Solution Items", "{490FE33A-97C4-47E8-8512-5885897DE3F9}"
	ProjectSection(WebsiteProperties) = preProject
		Debug.AspNetCompiler.Debug = "True"
		Release.AspNetCompiler.Debug = "False"
	EndProjectSection
	ProjectSection(SolutionItems) = preProject
		..\..\..\build\buildversion.xml = ..\..\..\build\buildversion.xml
		..\..\..\build\properties.include.xml = ..\..\..\build\properties.include.xml
		..\..\..\Remotion.build = ..\..\..\Remotion.build
		..\..\..\build\Remotion.Doc.include.xml = ..\..\..\build\Remotion.Doc.include.xml
		..\..\..\build\Remotion.Doc.net-1.1.include.xml = ..\..\..\build\Remotion.Doc.net-1.1.include.xml
	EndProjectSection
EndProject
Project("{FAE04EC0-301F-11D3-BF4B-00C04F79EFBC}") = "Web", "..\..\Core\Web.csproj", "{DF8BA786-9679-4879-8757-16AE2709D83A}"
	ProjectSection(WebsiteProperties) = preProject
		Debug.AspNetCompiler.Debug = "True"
		Release.AspNetCompiler.Debug = "False"
	EndProjectSection
EndProject
Project("{FAE04EC0-301F-11D3-BF4B-00C04F79EFBC}") = "Core.Interfaces", "..\..\..\Core\Interfaces\Core.Interfaces.csproj", "{BD061F4A-A9E6-461E-A804-7999623A0060}"
	ProjectSection(WebsiteProperties) = preProject
		Debug.AspNetCompiler.Debug = "True"
		Release.AspNetCompiler.Debug = "False"
	EndProjectSection
EndProject
Project("{FAE04EC0-301F-11D3-BF4B-00C04F79EFBC}") = "Data.Interfaces", "..\..\..\Data\Interfaces\Data.Interfaces.csproj", "{70273934-12F1-49AF-975A-303BAEFE1CAE}"
	ProjectSection(WebsiteProperties) = preProject
		Debug.AspNetCompiler.Debug = "True"
		Release.AspNetCompiler.Debug = "False"
	EndProjectSection
EndProject
Project("{FAE04EC0-301F-11D3-BF4B-00C04F79EFBC}") = "Security.Interfaces", "..\..\..\Security\Interfaces\Security.Interfaces.csproj", "{6B243694-318E-4C20-A2EA-B910EFE5F2F6}"
	ProjectSection(WebsiteProperties) = preProject
		Debug.AspNetCompiler.Debug = "True"
		Release.AspNetCompiler.Debug = "False"
	EndProjectSection
EndProject
Project("{F184B08F-C81C-45F6-A57F-5ABD9991F28F}") = "TestVB", "TestVB\TestVB.vbproj", "{88CA7395-A63D-4934-ADA7-7D0600C85DA3}"
	ProjectSection(WebsiteProperties) = preProject
		Debug.AspNetCompiler.Debug = "True"
		Release.AspNetCompiler.Debug = "False"
	EndProjectSection
	ProjectSection(ProjectDependencies) = postProject
		{6693589F-085C-4CB7-A28A-426F19C19E6B} = {6693589F-085C-4CB7-A28A-426F19C19E6B}
	EndProjectSection
EndProject
Project("{FAE04EC0-301F-11D3-BF4B-00C04F79EFBC}") = "Web.UnitTests", "..\..\UnitTests\Web.UnitTests.csproj", "{F3EE8E9C-5230-4D1A-B655-CA65E2D52F21}"
	ProjectSection(WebsiteProperties) = preProject
		Debug.AspNetCompiler.Debug = "True"
		Release.AspNetCompiler.Debug = "False"
	EndProjectSection
EndProject
Global
	GlobalSection(SolutionConfigurationPlatforms) = preSolution
		Debug|.NET = Debug|.NET
		Debug|Any CPU = Debug|Any CPU
		Debug|Mixed Platforms = Debug|Mixed Platforms
		Release|.NET = Release|.NET
		Release|Any CPU = Release|Any CPU
		Release|Mixed Platforms = Release|Mixed Platforms
	EndGlobalSection
	GlobalSection(ProjectConfigurationPlatforms) = postSolution
		{6693589F-085C-4CB7-A28A-426F19C19E6B}.Debug|.NET.ActiveCfg = Debug|Any CPU
		{6693589F-085C-4CB7-A28A-426F19C19E6B}.Debug|Any CPU.ActiveCfg = Debug|Any CPU
		{6693589F-085C-4CB7-A28A-426F19C19E6B}.Debug|Any CPU.Build.0 = Debug|Any CPU
		{6693589F-085C-4CB7-A28A-426F19C19E6B}.Debug|Mixed Platforms.ActiveCfg = Debug|Any CPU
		{6693589F-085C-4CB7-A28A-426F19C19E6B}.Debug|Mixed Platforms.Build.0 = Debug|Any CPU
		{6693589F-085C-4CB7-A28A-426F19C19E6B}.Release|.NET.ActiveCfg = Release|Any CPU
		{6693589F-085C-4CB7-A28A-426F19C19E6B}.Release|Any CPU.ActiveCfg = Release|Any CPU
		{6693589F-085C-4CB7-A28A-426F19C19E6B}.Release|Any CPU.Build.0 = Release|Any CPU
		{6693589F-085C-4CB7-A28A-426F19C19E6B}.Release|Mixed Platforms.ActiveCfg = Release|Any CPU
		{6693589F-085C-4CB7-A28A-426F19C19E6B}.Release|Mixed Platforms.Build.0 = Release|Any CPU
		{2ADC369A-4CE5-4378-B72E-4FBEDD8FA724}.Debug|.NET.ActiveCfg = Debug|Any CPU
		{2ADC369A-4CE5-4378-B72E-4FBEDD8FA724}.Debug|Any CPU.ActiveCfg = Debug|Any CPU
		{2ADC369A-4CE5-4378-B72E-4FBEDD8FA724}.Debug|Any CPU.Build.0 = Debug|Any CPU
		{2ADC369A-4CE5-4378-B72E-4FBEDD8FA724}.Debug|Mixed Platforms.ActiveCfg = Debug|Any CPU
		{2ADC369A-4CE5-4378-B72E-4FBEDD8FA724}.Debug|Mixed Platforms.Build.0 = Debug|Any CPU
		{2ADC369A-4CE5-4378-B72E-4FBEDD8FA724}.Release|.NET.ActiveCfg = Release|Any CPU
		{2ADC369A-4CE5-4378-B72E-4FBEDD8FA724}.Release|Any CPU.ActiveCfg = Release|Any CPU
		{2ADC369A-4CE5-4378-B72E-4FBEDD8FA724}.Release|Any CPU.Build.0 = Release|Any CPU
		{2ADC369A-4CE5-4378-B72E-4FBEDD8FA724}.Release|Mixed Platforms.ActiveCfg = Release|Any CPU
		{2ADC369A-4CE5-4378-B72E-4FBEDD8FA724}.Release|Mixed Platforms.Build.0 = Release|Any CPU
		{2AA369EC-A4E7-4D75-9101-EFA90E902625}.Debug|.NET.ActiveCfg = Debug|Any CPU
		{2AA369EC-A4E7-4D75-9101-EFA90E902625}.Debug|Any CPU.ActiveCfg = Debug|Any CPU
		{2AA369EC-A4E7-4D75-9101-EFA90E902625}.Debug|Any CPU.Build.0 = Debug|Any CPU
		{2AA369EC-A4E7-4D75-9101-EFA90E902625}.Debug|Mixed Platforms.ActiveCfg = Debug|Any CPU
		{2AA369EC-A4E7-4D75-9101-EFA90E902625}.Debug|Mixed Platforms.Build.0 = Debug|Any CPU
		{2AA369EC-A4E7-4D75-9101-EFA90E902625}.Release|.NET.ActiveCfg = Release|Any CPU
		{2AA369EC-A4E7-4D75-9101-EFA90E902625}.Release|Any CPU.ActiveCfg = Release|Any CPU
		{2AA369EC-A4E7-4D75-9101-EFA90E902625}.Release|Any CPU.Build.0 = Release|Any CPU
		{2AA369EC-A4E7-4D75-9101-EFA90E902625}.Release|Mixed Platforms.ActiveCfg = Release|Any CPU
		{2AA369EC-A4E7-4D75-9101-EFA90E902625}.Release|Mixed Platforms.Build.0 = Release|Any CPU
		{DF8BA786-9679-4879-8757-16AE2709D83A}.Debug|.NET.ActiveCfg = Debug|Any CPU
		{DF8BA786-9679-4879-8757-16AE2709D83A}.Debug|Any CPU.ActiveCfg = Debug|Any CPU
		{DF8BA786-9679-4879-8757-16AE2709D83A}.Debug|Any CPU.Build.0 = Debug|Any CPU
		{DF8BA786-9679-4879-8757-16AE2709D83A}.Debug|Mixed Platforms.ActiveCfg = Debug|Any CPU
		{DF8BA786-9679-4879-8757-16AE2709D83A}.Debug|Mixed Platforms.Build.0 = Debug|Any CPU
		{DF8BA786-9679-4879-8757-16AE2709D83A}.Release|.NET.ActiveCfg = Release|Any CPU
		{DF8BA786-9679-4879-8757-16AE2709D83A}.Release|Any CPU.ActiveCfg = Release|Any CPU
		{DF8BA786-9679-4879-8757-16AE2709D83A}.Release|Any CPU.Build.0 = Release|Any CPU
		{DF8BA786-9679-4879-8757-16AE2709D83A}.Release|Mixed Platforms.ActiveCfg = Release|Any CPU
		{DF8BA786-9679-4879-8757-16AE2709D83A}.Release|Mixed Platforms.Build.0 = Release|Any CPU
		{BD061F4A-A9E6-461E-A804-7999623A0060}.Debug|.NET.ActiveCfg = Debug|Any CPU
		{BD061F4A-A9E6-461E-A804-7999623A0060}.Debug|Any CPU.ActiveCfg = Debug|Any CPU
		{BD061F4A-A9E6-461E-A804-7999623A0060}.Debug|Any CPU.Build.0 = Debug|Any CPU
		{BD061F4A-A9E6-461E-A804-7999623A0060}.Debug|Mixed Platforms.ActiveCfg = Debug|Any CPU
		{BD061F4A-A9E6-461E-A804-7999623A0060}.Debug|Mixed Platforms.Build.0 = Debug|Any CPU
		{BD061F4A-A9E6-461E-A804-7999623A0060}.Release|.NET.ActiveCfg = Release|Any CPU
		{BD061F4A-A9E6-461E-A804-7999623A0060}.Release|Any CPU.ActiveCfg = Release|Any CPU
		{BD061F4A-A9E6-461E-A804-7999623A0060}.Release|Any CPU.Build.0 = Release|Any CPU
		{BD061F4A-A9E6-461E-A804-7999623A0060}.Release|Mixed Platforms.ActiveCfg = Release|Any CPU
		{BD061F4A-A9E6-461E-A804-7999623A0060}.Release|Mixed Platforms.Build.0 = Release|Any CPU
		{70273934-12F1-49AF-975A-303BAEFE1CAE}.Debug|.NET.ActiveCfg = Debug|Any CPU
		{70273934-12F1-49AF-975A-303BAEFE1CAE}.Debug|Any CPU.ActiveCfg = Debug|Any CPU
		{70273934-12F1-49AF-975A-303BAEFE1CAE}.Debug|Any CPU.Build.0 = Debug|Any CPU
		{70273934-12F1-49AF-975A-303BAEFE1CAE}.Debug|Mixed Platforms.ActiveCfg = Debug|Any CPU
		{70273934-12F1-49AF-975A-303BAEFE1CAE}.Debug|Mixed Platforms.Build.0 = Debug|Any CPU
		{70273934-12F1-49AF-975A-303BAEFE1CAE}.Release|.NET.ActiveCfg = Release|Any CPU
		{70273934-12F1-49AF-975A-303BAEFE1CAE}.Release|Any CPU.ActiveCfg = Release|Any CPU
		{70273934-12F1-49AF-975A-303BAEFE1CAE}.Release|Any CPU.Build.0 = Release|Any CPU
		{70273934-12F1-49AF-975A-303BAEFE1CAE}.Release|Mixed Platforms.ActiveCfg = Release|Any CPU
		{70273934-12F1-49AF-975A-303BAEFE1CAE}.Release|Mixed Platforms.Build.0 = Release|Any CPU
		{6B243694-318E-4C20-A2EA-B910EFE5F2F6}.Debug|.NET.ActiveCfg = Debug|Any CPU
		{6B243694-318E-4C20-A2EA-B910EFE5F2F6}.Debug|Any CPU.ActiveCfg = Debug|Any CPU
		{6B243694-318E-4C20-A2EA-B910EFE5F2F6}.Debug|Any CPU.Build.0 = Debug|Any CPU
		{6B243694-318E-4C20-A2EA-B910EFE5F2F6}.Debug|Mixed Platforms.ActiveCfg = Debug|Any CPU
		{6B243694-318E-4C20-A2EA-B910EFE5F2F6}.Debug|Mixed Platforms.Build.0 = Debug|Any CPU
		{6B243694-318E-4C20-A2EA-B910EFE5F2F6}.Release|.NET.ActiveCfg = Release|Any CPU
		{6B243694-318E-4C20-A2EA-B910EFE5F2F6}.Release|Any CPU.ActiveCfg = Release|Any CPU
		{6B243694-318E-4C20-A2EA-B910EFE5F2F6}.Release|Any CPU.Build.0 = Release|Any CPU
		{6B243694-318E-4C20-A2EA-B910EFE5F2F6}.Release|Mixed Platforms.ActiveCfg = Release|Any CPU
		{6B243694-318E-4C20-A2EA-B910EFE5F2F6}.Release|Mixed Platforms.Build.0 = Release|Any CPU
		{88CA7395-A63D-4934-ADA7-7D0600C85DA3}.Debug|.NET.ActiveCfg = Debug|Any CPU
		{88CA7395-A63D-4934-ADA7-7D0600C85DA3}.Debug|Any CPU.ActiveCfg = Debug|Any CPU
		{88CA7395-A63D-4934-ADA7-7D0600C85DA3}.Debug|Any CPU.Build.0 = Debug|Any CPU
		{88CA7395-A63D-4934-ADA7-7D0600C85DA3}.Debug|Mixed Platforms.ActiveCfg = Debug|Any CPU
		{88CA7395-A63D-4934-ADA7-7D0600C85DA3}.Debug|Mixed Platforms.Build.0 = Debug|Any CPU
		{88CA7395-A63D-4934-ADA7-7D0600C85DA3}.Release|.NET.ActiveCfg = Release|Any CPU
		{88CA7395-A63D-4934-ADA7-7D0600C85DA3}.Release|Any CPU.ActiveCfg = Release|Any CPU
		{88CA7395-A63D-4934-ADA7-7D0600C85DA3}.Release|Any CPU.Build.0 = Release|Any CPU
		{88CA7395-A63D-4934-ADA7-7D0600C85DA3}.Release|Mixed Platforms.ActiveCfg = Release|Any CPU
		{88CA7395-A63D-4934-ADA7-7D0600C85DA3}.Release|Mixed Platforms.Build.0 = Release|Any CPU
		{F3EE8E9C-5230-4D1A-B655-CA65E2D52F21}.Debug|.NET.ActiveCfg = Debug|Any CPU
		{F3EE8E9C-5230-4D1A-B655-CA65E2D52F21}.Debug|Any CPU.ActiveCfg = Debug|Any CPU
		{F3EE8E9C-5230-4D1A-B655-CA65E2D52F21}.Debug|Any CPU.Build.0 = Debug|Any CPU
		{F3EE8E9C-5230-4D1A-B655-CA65E2D52F21}.Debug|Mixed Platforms.ActiveCfg = Debug|Any CPU
		{F3EE8E9C-5230-4D1A-B655-CA65E2D52F21}.Debug|Mixed Platforms.Build.0 = Debug|Any CPU
		{F3EE8E9C-5230-4D1A-B655-CA65E2D52F21}.Release|.NET.ActiveCfg = Release|Any CPU
		{F3EE8E9C-5230-4D1A-B655-CA65E2D52F21}.Release|Any CPU.ActiveCfg = Release|Any CPU
		{F3EE8E9C-5230-4D1A-B655-CA65E2D52F21}.Release|Any CPU.Build.0 = Release|Any CPU
		{F3EE8E9C-5230-4D1A-B655-CA65E2D52F21}.Release|Mixed Platforms.ActiveCfg = Release|Any CPU
		{F3EE8E9C-5230-4D1A-B655-CA65E2D52F21}.Release|Mixed Platforms.Build.0 = Release|Any CPU
	EndGlobalSection
	GlobalSection(SolutionProperties) = preSolution
		HideSolutionNode = FALSE
	EndGlobalSection
	GlobalSection(NestedProjects) = preSolution
		{8826A986-D354-47CE-8B13-44F2DC87BC63} = {490FE33A-97C4-47E8-8512-5885897DE3F9}
		{67B20FED-11C1-4851-86E5-AD692F11BC6E} = {8826A986-D354-47CE-8B13-44F2DC87BC63}
	EndGlobalSection
	GlobalSection(ExtensibilityGlobals) = postSolution
		VisualSVNWorkingCopyRoot = ..\..\..
	EndGlobalSection
EndGlobal
