Microsoft Visual Studio Solution File, Format Version 9.00
# Visual Studio 2005
Project("{FAE04EC0-301F-11D3-BF4B-00C04F79EFBC}") = "Data.DomainObjects", "DomainObjects\Data.DomainObjects.csproj", "{C2D4102A-6DB9-4997-85BE-AFA6ECF42F1A}"
	ProjectSection(WebsiteProperties) = preProject
		Debug.AspNetCompiler.Debug = "True"
		Release.AspNetCompiler.Debug = "False"
	EndProjectSection
EndProject
Project("{FAE04EC0-301F-11D3-BF4B-00C04F79EFBC}") = "Core", "..\Core\Core\Core.Core.csproj", "{2AA369EC-A4E7-4D75-9101-EFA90E902625}"
	ProjectSection(WebsiteProperties) = preProject
		Debug.AspNetCompiler.Debug = "True"
		Release.AspNetCompiler.Debug = "False"
	EndProjectSection
EndProject
Project("{FAE04EC0-301F-11D3-BF4B-00C04F79EFBC}") = "ObjectBinding", "..\ObjectBinding\Core\ObjectBinding.csproj", "{FDCCDB1E-0962-41DA-99A1-2DB390C48748}"
	ProjectSection(WebsiteProperties) = preProject
		Debug.AspNetCompiler.Debug = "True"
		Release.AspNetCompiler.Debug = "False"
	EndProjectSection
EndProject
Project("{FAE04EC0-301F-11D3-BF4B-00C04F79EFBC}") = "ObjectBinding.Web", "..\ObjectBinding\Web\ObjectBinding.Web.csproj", "{390FBB93-A757-47A7-B769-A64A7465FF84}"
	ProjectSection(WebsiteProperties) = preProject
		Debug.AspNetCompiler.Debug = "True"
		Release.AspNetCompiler.Debug = "False"
	EndProjectSection
EndProject
Project("{FAE04EC0-301F-11D3-BF4B-00C04F79EFBC}") = "Web", "..\Web\Core\Web.csproj", "{DF8BA786-9679-4879-8757-16AE2709D83A}"
	ProjectSection(WebsiteProperties) = preProject
		Debug.AspNetCompiler.Debug = "True"
		Release.AspNetCompiler.Debug = "False"
	EndProjectSection
EndProject
Project("{FAE04EC0-301F-11D3-BF4B-00C04F79EFBC}") = "Data.DomainObjects.UnitTests", "DomainObjects.UnitTests\Data.DomainObjects.UnitTests.csproj", "{6DEF9C11-1D5A-4B14-A4EB-F4C7E7CC3E7B}"
	ProjectSection(WebsiteProperties) = preProject
		Debug.AspNetCompiler.Debug = "True"
		Release.AspNetCompiler.Debug = "False"
	EndProjectSection
EndProject
Project("{FAE04EC0-301F-11D3-BF4B-00C04F79EFBC}") = "Data.DomainObjects.Legacy.CodeGenerator", "DomainObjects.Legacy.CodeGenerator\Data.DomainObjects.Legacy.CodeGenerator.csproj", "{49FE5865-4141-4BB0-AD13-CB42546C87ED}"
	ProjectSection(WebsiteProperties) = preProject
		Debug.AspNetCompiler.Debug = "True"
		Release.AspNetCompiler.Debug = "False"
	EndProjectSection
EndProject
Project("{FAE04EC0-301F-11D3-BF4B-00C04F79EFBC}") = "Data.DomainObjects.Legacy.CodeGenerator.Console", "DomainObjects.Legacy.CodeGenerator.Console\Data.DomainObjects.Legacy.CodeGenerator.Console.csproj", "{CC8F1779-C744-4EB0-A3B6-AF6AC73ADF91}"
	ProjectSection(WebsiteProperties) = preProject
		Debug.AspNetCompiler.Debug = "True"
		Release.AspNetCompiler.Debug = "False"
	EndProjectSection
EndProject
Project("{FAE04EC0-301F-11D3-BF4B-00C04F79EFBC}") = "Data.DomainObjects.Legacy.ObjectBinding", "DomainObjects.Legacy.ObjectBinding\Data.DomainObjects.Legacy.ObjectBinding.csproj", "{D06C0145-A94A-48AE-B186-BC3C8E8F3650}"
	ProjectSection(WebsiteProperties) = preProject
		Debug.AspNetCompiler.Debug = "True"
		Release.AspNetCompiler.Debug = "False"
	EndProjectSection
EndProject
Project("{FAE04EC0-301F-11D3-BF4B-00C04F79EFBC}") = "Data.DomainObjects.Legacy.ObjectBinding.Web", "DomainObjects.Legacy.ObjectBinding.Web\Data.DomainObjects.Legacy.ObjectBinding.Web.csproj", "{9246E440-009C-44BE-A801-C66D8DE04A8F}"
	ProjectSection(WebsiteProperties) = preProject
		Debug.AspNetCompiler.Debug = "True"
		Release.AspNetCompiler.Debug = "False"
	EndProjectSection
EndProject
Project("{FAE04EC0-301F-11D3-BF4B-00C04F79EFBC}") = "Data.DomainObjects.PerformanceTests", "DomainObjects.PerformanceTests\Data.DomainObjects.PerformanceTests.csproj", "{717B711E-97AB-4751-97C5-C0491D1919FA}"
	ProjectSection(WebsiteProperties) = preProject
		Debug.AspNetCompiler.Debug = "True"
		Release.AspNetCompiler.Debug = "False"
	EndProjectSection
EndProject
Project("{FAE04EC0-301F-11D3-BF4B-00C04F79EFBC}") = "Data.DomainObjects.Web", "DomainObjects.Web\Data.DomainObjects.Web.csproj", "{9A8C29F9-8D50-457A-9730-57EB33C1D7CC}"
	ProjectSection(WebsiteProperties) = preProject
		Debug.AspNetCompiler.Debug = "True"
		Release.AspNetCompiler.Debug = "False"
	EndProjectSection
EndProject
Project("{FAE04EC0-301F-11D3-BF4B-00C04F79EFBC}") = "Data.DomainObjects.Legacy.ObjectBinding.UnitTests", "DomainObjects.Legacy.ObjectBinding.UnitTests\Data.DomainObjects.Legacy.ObjectBinding.UnitTests.csproj", "{21EC480E-91C6-4558-963B-796698DBB668}"
	ProjectSection(WebsiteProperties) = preProject
		Debug.AspNetCompiler.Debug = "True"
		Release.AspNetCompiler.Debug = "False"
	EndProjectSection
EndProject
Project("{FAE04EC0-301F-11D3-BF4B-00C04F79EFBC}") = "Data.DomainObjects.Web.Test", "DomainObjects.Web.Test\Data.DomainObjects.Web.Test.csproj", "{86C6C68B-3AF4-4ADE-95FD-29D404F114FD}"
	ProjectSection(WebsiteProperties) = preProject
		Debug.AspNetCompiler.Debug = "True"
		Release.AspNetCompiler.Debug = "False"
	EndProjectSection
EndProject
Project("{2150E333-8FDC-42A3-9474-1A3956D46DE8}") = "Solution Items", "Solution Items", "{D6EE53F7-7F63-46D0-9057-0FA0001EF46A}"
	ProjectSection(WebsiteProperties) = preProject
		Debug.AspNetCompiler.Debug = "True"
		Release.AspNetCompiler.Debug = "False"
	EndProjectSection
	ProjectSection(SolutionItems) = preProject
		..\build\buildversion.xml = ..\build\buildversion.xml
		..\build\Remotion.include.build = ..\build\Remotion.include.build
		..\build\properties.include.build = ..\build\properties.include.build
	EndProjectSection
	ProjectSection(FolderStartupServices) = postProject
		{B4F97281-0DBD-4835-9ED8-7DFB966E87FF} = {B4F97281-0DBD-4835-9ED8-7DFB966E87FF}
	EndProjectSection
EndProject
Project("{FAE04EC0-301F-11D3-BF4B-00C04F79EFBC}") = "Data.DomainObjects.Legacy.CodeGenerator.UnitTests", "DomainObjects.Legacy.CodeGenerator.UnitTests\Data.DomainObjects.Legacy.CodeGenerator.UnitTests.csproj", "{02C4509B-5FCA-44ED-8F03-A8F2DD1F84DF}"
	ProjectSection(WebsiteProperties) = preProject
		Debug.AspNetCompiler.Debug = "True"
		Release.AspNetCompiler.Debug = "False"
	EndProjectSection
EndProject
Project("{2150E333-8FDC-42A3-9474-1A3956D46DE8}") = "prereq", "prereq", "{B0AA271A-E94B-4328-85AD-7B873447F36F}"
	ProjectSection(WebsiteProperties) = preProject
		Debug.AspNetCompiler.Debug = "True"
		Release.AspNetCompiler.Debug = "False"
	EndProjectSection
	ProjectSection(FolderStartupServices) = postProject
		{B4F97281-0DBD-4835-9ED8-7DFB966E87FF} = {B4F97281-0DBD-4835-9ED8-7DFB966E87FF}
	EndProjectSection
EndProject
Project("{2150E333-8FDC-42A3-9474-1A3956D46DE8}") = "Assemblies", "Assemblies", "{8373F6F2-B707-4D06-8ECF-7411813CECD5}"
	ProjectSection(WebsiteProperties) = preProject
		Debug.AspNetCompiler.Debug = "True"
		Release.AspNetCompiler.Debug = "False"
	EndProjectSection
	ProjectSection(SolutionItems) = preProject
		..\prereq\Assemblies\log4net.dll = ..\prereq\Assemblies\log4net.dll
		..\prereq\Assemblies\log4net.xml = ..\prereq\Assemblies\log4net.xml
		..\prereq\Assemblies\nunit.framework.dll = ..\prereq\Assemblies\nunit.framework.dll
		..\prereq\Assemblies\nunit.framework.xml = ..\prereq\Assemblies\nunit.framework.xml
	EndProjectSection
	ProjectSection(FolderStartupServices) = postProject
		{B4F97281-0DBD-4835-9ED8-7DFB966E87FF} = {B4F97281-0DBD-4835-9ED8-7DFB966E87FF}
	EndProjectSection
EndProject
Project("{FAE04EC0-301F-11D3-BF4B-00C04F79EFBC}") = "Data.DomainObjects.Legacy", "DomainObjects.Legacy\Data.DomainObjects.Legacy.csproj", "{E6A8B6CE-2E19-4C01-9D41-63899FE52020}"
	ProjectSection(WebsiteProperties) = preProject
		Debug.AspNetCompiler.Debug = "True"
		Release.AspNetCompiler.Debug = "False"
	EndProjectSection
EndProject
Project("{FAE04EC0-301F-11D3-BF4B-00C04F79EFBC}") = "Data.DomainObjects.Legacy.UnitTests", "DomainObjects.Legacy.UnitTests\Data.DomainObjects.Legacy.UnitTests.csproj", "{EB96A8C6-3CCF-4610-871B-4CCBC8DF2872}"
	ProjectSection(WebsiteProperties) = preProject
		Debug.AspNetCompiler.Debug = "True"
		Release.AspNetCompiler.Debug = "False"
	EndProjectSection
EndProject
Project("{FAE04EC0-301F-11D3-BF4B-00C04F79EFBC}") = "Development.Core", "..\Development\Core\Development.Core.csproj", "{B719A305-0493-4C72-88FE-9A2FC6964578}"
	ProjectSection(WebsiteProperties) = preProject
		Debug.AspNetCompiler.Debug = "True"
		Release.AspNetCompiler.Debug = "False"
	EndProjectSection
EndProject
Project("{FAE04EC0-301F-11D3-BF4B-00C04F79EFBC}") = "Data.DomainObjects.Web.Legacy.Test", "DomainObjects.Web.Legacy.Test\Data.DomainObjects.Web.Legacy.Test.csproj", "{FC03706A-039A-40CB-8859-FB887352646E}"
	ProjectSection(WebsiteProperties) = preProject
		Debug.AspNetCompiler.Debug = "True"
		Release.AspNetCompiler.Debug = "False"
	EndProjectSection
EndProject
Project("{FAE04EC0-301F-11D3-BF4B-00C04F79EFBC}") = "Data.DomainObjects.RdbmsTools.UnitTests", "DomainObjects.RdbmsTools.UnitTests\Data.DomainObjects.RdbmsTools.UnitTests.csproj", "{C38242F1-5E19-460C-B506-2B4E00470358}"
	ProjectSection(WebsiteProperties) = preProject
		Debug.AspNetCompiler.Debug = "True"
		Release.AspNetCompiler.Debug = "False"
	EndProjectSection
EndProject
Project("{FAE04EC0-301F-11D3-BF4B-00C04F79EFBC}") = "Data.DomainObjects.RdbmsTools", "DomainObjects.RdbmsTools\Data.DomainObjects.RdbmsTools.csproj", "{C5E0C110-5BC5-4E30-B3CF-4C6012FEE1EF}"
	ProjectSection(WebsiteProperties) = preProject
		Debug.AspNetCompiler.Debug = "True"
		Release.AspNetCompiler.Debug = "False"
	EndProjectSection
EndProject
Project("{FAE04EC0-301F-11D3-BF4B-00C04F79EFBC}") = "Data.DomainObjects.RdbmsTools.Console", "DomainObjects.RdbmsTools.Console\Data.DomainObjects.RdbmsTools.Console.csproj", "{A6505EE0-0F6B-4CB6-ACC7-1C05C0E236BC}"
	ProjectSection(WebsiteProperties) = preProject
		Debug.AspNetCompiler.Debug = "True"
		Release.AspNetCompiler.Debug = "False"
	EndProjectSection
EndProject
Global
	GlobalSection(TextTemplating) = postSolution
		TextTemplating = 1
	EndGlobalSection
	GlobalSection(SolutionConfigurationPlatforms) = preSolution
		Debug|Any CPU = Debug|Any CPU
		Release|Any CPU = Release|Any CPU
	EndGlobalSection
	GlobalSection(ProjectConfigurationPlatforms) = postSolution
		{C2D4102A-6DB9-4997-85BE-AFA6ECF42F1A}.Debug|Any CPU.ActiveCfg = Debug|Any CPU
		{C2D4102A-6DB9-4997-85BE-AFA6ECF42F1A}.Debug|Any CPU.Build.0 = Debug|Any CPU
		{C2D4102A-6DB9-4997-85BE-AFA6ECF42F1A}.Release|Any CPU.ActiveCfg = Release|Any CPU
		{C2D4102A-6DB9-4997-85BE-AFA6ECF42F1A}.Release|Any CPU.Build.0 = Release|Any CPU
		{2AA369EC-A4E7-4D75-9101-EFA90E902625}.Debug|Any CPU.ActiveCfg = Debug|Any CPU
		{2AA369EC-A4E7-4D75-9101-EFA90E902625}.Debug|Any CPU.Build.0 = Debug|Any CPU
		{2AA369EC-A4E7-4D75-9101-EFA90E902625}.Release|Any CPU.ActiveCfg = Release|Any CPU
		{2AA369EC-A4E7-4D75-9101-EFA90E902625}.Release|Any CPU.Build.0 = Release|Any CPU
		{FDCCDB1E-0962-41DA-99A1-2DB390C48748}.Debug|Any CPU.ActiveCfg = Debug|Any CPU
		{FDCCDB1E-0962-41DA-99A1-2DB390C48748}.Debug|Any CPU.Build.0 = Debug|Any CPU
		{FDCCDB1E-0962-41DA-99A1-2DB390C48748}.Release|Any CPU.ActiveCfg = Release|Any CPU
		{FDCCDB1E-0962-41DA-99A1-2DB390C48748}.Release|Any CPU.Build.0 = Release|Any CPU
		{390FBB93-A757-47A7-B769-A64A7465FF84}.Debug|Any CPU.ActiveCfg = Debug|Any CPU
		{390FBB93-A757-47A7-B769-A64A7465FF84}.Debug|Any CPU.Build.0 = Debug|Any CPU
		{390FBB93-A757-47A7-B769-A64A7465FF84}.Release|Any CPU.ActiveCfg = Release|Any CPU
		{390FBB93-A757-47A7-B769-A64A7465FF84}.Release|Any CPU.Build.0 = Release|Any CPU
		{DF8BA786-9679-4879-8757-16AE2709D83A}.Debug|Any CPU.ActiveCfg = Debug|Any CPU
		{DF8BA786-9679-4879-8757-16AE2709D83A}.Debug|Any CPU.Build.0 = Debug|Any CPU
		{DF8BA786-9679-4879-8757-16AE2709D83A}.Release|Any CPU.ActiveCfg = Release|Any CPU
		{DF8BA786-9679-4879-8757-16AE2709D83A}.Release|Any CPU.Build.0 = Release|Any CPU
		{6DEF9C11-1D5A-4B14-A4EB-F4C7E7CC3E7B}.Debug|Any CPU.ActiveCfg = Debug|Any CPU
		{6DEF9C11-1D5A-4B14-A4EB-F4C7E7CC3E7B}.Debug|Any CPU.Build.0 = Debug|Any CPU
		{6DEF9C11-1D5A-4B14-A4EB-F4C7E7CC3E7B}.Release|Any CPU.ActiveCfg = Release|Any CPU
		{6DEF9C11-1D5A-4B14-A4EB-F4C7E7CC3E7B}.Release|Any CPU.Build.0 = Release|Any CPU
		{49FE5865-4141-4BB0-AD13-CB42546C87ED}.Debug|Any CPU.ActiveCfg = Debug|Any CPU
		{49FE5865-4141-4BB0-AD13-CB42546C87ED}.Debug|Any CPU.Build.0 = Debug|Any CPU
		{49FE5865-4141-4BB0-AD13-CB42546C87ED}.Release|Any CPU.ActiveCfg = Release|Any CPU
		{49FE5865-4141-4BB0-AD13-CB42546C87ED}.Release|Any CPU.Build.0 = Release|Any CPU
		{CC8F1779-C744-4EB0-A3B6-AF6AC73ADF91}.Debug|Any CPU.ActiveCfg = Debug|Any CPU
		{CC8F1779-C744-4EB0-A3B6-AF6AC73ADF91}.Debug|Any CPU.Build.0 = Debug|Any CPU
		{CC8F1779-C744-4EB0-A3B6-AF6AC73ADF91}.Release|Any CPU.ActiveCfg = Release|Any CPU
		{CC8F1779-C744-4EB0-A3B6-AF6AC73ADF91}.Release|Any CPU.Build.0 = Release|Any CPU
		{D06C0145-A94A-48AE-B186-BC3C8E8F3650}.Debug|Any CPU.ActiveCfg = Debug|Any CPU
		{D06C0145-A94A-48AE-B186-BC3C8E8F3650}.Debug|Any CPU.Build.0 = Debug|Any CPU
		{D06C0145-A94A-48AE-B186-BC3C8E8F3650}.Release|Any CPU.ActiveCfg = Release|Any CPU
		{D06C0145-A94A-48AE-B186-BC3C8E8F3650}.Release|Any CPU.Build.0 = Release|Any CPU
		{9246E440-009C-44BE-A801-C66D8DE04A8F}.Debug|Any CPU.ActiveCfg = Debug|Any CPU
		{9246E440-009C-44BE-A801-C66D8DE04A8F}.Debug|Any CPU.Build.0 = Debug|Any CPU
		{9246E440-009C-44BE-A801-C66D8DE04A8F}.Release|Any CPU.ActiveCfg = Release|Any CPU
		{9246E440-009C-44BE-A801-C66D8DE04A8F}.Release|Any CPU.Build.0 = Release|Any CPU
		{717B711E-97AB-4751-97C5-C0491D1919FA}.Debug|Any CPU.ActiveCfg = Debug|Any CPU
		{717B711E-97AB-4751-97C5-C0491D1919FA}.Debug|Any CPU.Build.0 = Debug|Any CPU
		{717B711E-97AB-4751-97C5-C0491D1919FA}.Release|Any CPU.ActiveCfg = Release|Any CPU
		{717B711E-97AB-4751-97C5-C0491D1919FA}.Release|Any CPU.Build.0 = Release|Any CPU
		{9A8C29F9-8D50-457A-9730-57EB33C1D7CC}.Debug|Any CPU.ActiveCfg = Debug|Any CPU
		{9A8C29F9-8D50-457A-9730-57EB33C1D7CC}.Debug|Any CPU.Build.0 = Debug|Any CPU
		{9A8C29F9-8D50-457A-9730-57EB33C1D7CC}.Release|Any CPU.ActiveCfg = Release|Any CPU
		{9A8C29F9-8D50-457A-9730-57EB33C1D7CC}.Release|Any CPU.Build.0 = Release|Any CPU
		{21EC480E-91C6-4558-963B-796698DBB668}.Debug|Any CPU.ActiveCfg = Debug|Any CPU
		{21EC480E-91C6-4558-963B-796698DBB668}.Debug|Any CPU.Build.0 = Debug|Any CPU
		{21EC480E-91C6-4558-963B-796698DBB668}.Release|Any CPU.ActiveCfg = Release|Any CPU
		{21EC480E-91C6-4558-963B-796698DBB668}.Release|Any CPU.Build.0 = Release|Any CPU
		{86C6C68B-3AF4-4ADE-95FD-29D404F114FD}.Debug|Any CPU.ActiveCfg = Debug|Any CPU
		{86C6C68B-3AF4-4ADE-95FD-29D404F114FD}.Debug|Any CPU.Build.0 = Debug|Any CPU
		{86C6C68B-3AF4-4ADE-95FD-29D404F114FD}.Release|Any CPU.ActiveCfg = Release|Any CPU
		{86C6C68B-3AF4-4ADE-95FD-29D404F114FD}.Release|Any CPU.Build.0 = Release|Any CPU
		{02C4509B-5FCA-44ED-8F03-A8F2DD1F84DF}.Debug|Any CPU.ActiveCfg = Debug|Any CPU
		{02C4509B-5FCA-44ED-8F03-A8F2DD1F84DF}.Debug|Any CPU.Build.0 = Debug|Any CPU
		{02C4509B-5FCA-44ED-8F03-A8F2DD1F84DF}.Release|Any CPU.ActiveCfg = Release|Any CPU
		{02C4509B-5FCA-44ED-8F03-A8F2DD1F84DF}.Release|Any CPU.Build.0 = Release|Any CPU
		{E6A8B6CE-2E19-4C01-9D41-63899FE52020}.Debug|Any CPU.ActiveCfg = Debug|Any CPU
		{E6A8B6CE-2E19-4C01-9D41-63899FE52020}.Debug|Any CPU.Build.0 = Debug|Any CPU
		{E6A8B6CE-2E19-4C01-9D41-63899FE52020}.Release|Any CPU.ActiveCfg = Release|Any CPU
		{E6A8B6CE-2E19-4C01-9D41-63899FE52020}.Release|Any CPU.Build.0 = Release|Any CPU
		{EB96A8C6-3CCF-4610-871B-4CCBC8DF2872}.Debug|Any CPU.ActiveCfg = Debug|Any CPU
		{EB96A8C6-3CCF-4610-871B-4CCBC8DF2872}.Debug|Any CPU.Build.0 = Debug|Any CPU
		{EB96A8C6-3CCF-4610-871B-4CCBC8DF2872}.Release|Any CPU.ActiveCfg = Release|Any CPU
		{EB96A8C6-3CCF-4610-871B-4CCBC8DF2872}.Release|Any CPU.Build.0 = Release|Any CPU
		{B719A305-0493-4C72-88FE-9A2FC6964578}.Debug|Any CPU.ActiveCfg = Debug|Any CPU
		{B719A305-0493-4C72-88FE-9A2FC6964578}.Debug|Any CPU.Build.0 = Debug|Any CPU
		{B719A305-0493-4C72-88FE-9A2FC6964578}.Release|Any CPU.ActiveCfg = Release|Any CPU
		{B719A305-0493-4C72-88FE-9A2FC6964578}.Release|Any CPU.Build.0 = Release|Any CPU
		{FC03706A-039A-40CB-8859-FB887352646E}.Debug|Any CPU.ActiveCfg = Debug|Any CPU
		{FC03706A-039A-40CB-8859-FB887352646E}.Debug|Any CPU.Build.0 = Debug|Any CPU
		{FC03706A-039A-40CB-8859-FB887352646E}.Release|Any CPU.ActiveCfg = Release|Any CPU
		{FC03706A-039A-40CB-8859-FB887352646E}.Release|Any CPU.Build.0 = Release|Any CPU
		{C38242F1-5E19-460C-B506-2B4E00470358}.Debug|Any CPU.ActiveCfg = Debug|Any CPU
		{C38242F1-5E19-460C-B506-2B4E00470358}.Debug|Any CPU.Build.0 = Debug|Any CPU
		{C38242F1-5E19-460C-B506-2B4E00470358}.Release|Any CPU.ActiveCfg = Release|Any CPU
		{C38242F1-5E19-460C-B506-2B4E00470358}.Release|Any CPU.Build.0 = Release|Any CPU
		{C5E0C110-5BC5-4E30-B3CF-4C6012FEE1EF}.Debug|Any CPU.ActiveCfg = Debug|Any CPU
		{C5E0C110-5BC5-4E30-B3CF-4C6012FEE1EF}.Debug|Any CPU.Build.0 = Debug|Any CPU
		{C5E0C110-5BC5-4E30-B3CF-4C6012FEE1EF}.Release|Any CPU.ActiveCfg = Release|Any CPU
		{C5E0C110-5BC5-4E30-B3CF-4C6012FEE1EF}.Release|Any CPU.Build.0 = Release|Any CPU
		{A6505EE0-0F6B-4CB6-ACC7-1C05C0E236BC}.Debug|Any CPU.ActiveCfg = Debug|Any CPU
		{A6505EE0-0F6B-4CB6-ACC7-1C05C0E236BC}.Debug|Any CPU.Build.0 = Debug|Any CPU
		{A6505EE0-0F6B-4CB6-ACC7-1C05C0E236BC}.Release|Any CPU.ActiveCfg = Release|Any CPU
		{A6505EE0-0F6B-4CB6-ACC7-1C05C0E236BC}.Release|Any CPU.Build.0 = Release|Any CPU
	EndGlobalSection
	GlobalSection(SolutionProperties) = preSolution
		HideSolutionNode = FALSE
	EndGlobalSection
	GlobalSection(NestedProjects) = preSolution
		{B0AA271A-E94B-4328-85AD-7B873447F36F} = {D6EE53F7-7F63-46D0-9057-0FA0001EF46A}
		{8373F6F2-B707-4D06-8ECF-7411813CECD5} = {B0AA271A-E94B-4328-85AD-7B873447F36F}
	EndGlobalSection
	GlobalSection(ExtensibilityGlobals) = postSolution
		VisualSVNWorkingCopyRoot = ..
	EndGlobalSection
EndGlobal
